
Microsoft Visual Studio Solution File, Format Version 12.00
# Visual Studio Version 17
VisualStudioVersion = 17.7.34202.233
MinimumVisualStudioVersion = 10.0.40219.1
Project("{FAE04EC0-301F-11D3-BF4B-00C04F79EFBC}") = "Student Registrationsystem", "Student Registrationsystem\Student Registrationsystem.csproj", "{96237435-50D5-4D89-B8DD-C1C18BBC4A90}"
EndProject
Global
	GlobalSection(SolutionConfigurationPlatforms) = preSolution
		Debug|Any CPU = Debug|Any CPU
		Release|Any CPU = Release|Any CPU
	EndGlobalSection
	GlobalSection(ProjectConfigurationPlatforms) = postSolution
		{96237435-50D5-4D89-B8DD-C1C18BBC4A90}.Debug|Any CPU.ActiveCfg = Debug|Any CPU
		{96237435-50D5-4D89-B8DD-C1C18BBC4A90}.Debug|Any CPU.Build.0 = Debug|Any CPU
		{96237435-50D5-4D89-B8DD-C1C18BBC4A90}.Release|Any CPU.ActiveCfg = Release|Any CPU
		{96237435-50D5-4D89-B8DD-C1C18BBC4A90}.Release|Any CPU.Build.0 = Release|Any CPU
	EndGlobalSection
	GlobalSection(SolutionProperties) = preSolution
		HideSolutionNode = FALSE
	EndGlobalSection
	GlobalSection(ExtensibilityGlobals) = postSolution
		SolutionGuid = {4358E5BA-B607-4E1E-9CC7-8E13505A6034}
	EndGlobalSection
EndGlobal
